
Microsoft Visual Studio Solution File, Format Version 12.00
# Visual Studio Version 17
VisualStudioVersion = 17.3.32901.215
MinimumVisualStudioVersion = 10.0.40219.1
Project("{FAE04EC0-301F-11D3-BF4B-00C04F79EFBC}") = "Hospital.Web", "Hospital.Web\Hospital.Web.csproj", "{F6C9206D-07C2-4F7B-96FE-75F6FC323FE7}"
EndProject
Global
	GlobalSection(SolutionConfigurationPlatforms) = preSolution
		Debug|Any CPU = Debug|Any CPU
		Release|Any CPU = Release|Any CPU
	EndGlobalSection
	GlobalSection(ProjectConfigurationPlatforms) = postSolution
		{F6C9206D-07C2-4F7B-96FE-75F6FC323FE7}.Debug|Any CPU.ActiveCfg = Debug|Any CPU
		{F6C9206D-07C2-4F7B-96FE-75F6FC323FE7}.Debug|Any CPU.Build.0 = Debug|Any CPU
		{F6C9206D-07C2-4F7B-96FE-75F6FC323FE7}.Release|Any CPU.ActiveCfg = Release|Any CPU
		{F6C9206D-07C2-4F7B-96FE-75F6FC323FE7}.Release|Any CPU.Build.0 = Release|Any CPU
	EndGlobalSection
	GlobalSection(SolutionProperties) = preSolution
		HideSolutionNode = FALSE
	EndGlobalSection
	GlobalSection(ExtensibilityGlobals) = postSolution
		SolutionGuid = {7A41E614-9650-44E1-8226-2CD47A3616D5}
	EndGlobalSection
EndGlobal
